
Microsoft Visual Studio Solution File, Format Version 12.00
# Visual Studio Version 17
VisualStudioVersion = 17.10.35004.147
MinimumVisualStudioVersion = 10.0.40219.1
Project("{FAE04EC0-301F-11D3-BF4B-00C04F79EFBC}") = "2222", "2222\2222.csproj", "{84C768D5-1371-4488-9DD5-79C7FCDBA92E}"
EndProject
Global
	GlobalSection(SolutionConfigurationPlatforms) = preSolution
		Debug|Any CPU = Debug|Any CPU
		Release|Any CPU = Release|Any CPU
	EndGlobalSection
	GlobalSection(ProjectConfigurationPlatforms) = postSolution
		{84C768D5-1371-4488-9DD5-79C7FCDBA92E}.Debug|Any CPU.ActiveCfg = Debug|Any CPU
		{84C768D5-1371-4488-9DD5-79C7FCDBA92E}.Debug|Any CPU.Build.0 = Debug|Any CPU
		{84C768D5-1371-4488-9DD5-79C7FCDBA92E}.Release|Any CPU.ActiveCfg = Release|Any CPU
		{84C768D5-1371-4488-9DD5-79C7FCDBA92E}.Release|Any CPU.Build.0 = Release|Any CPU
	EndGlobalSection
	GlobalSection(SolutionProperties) = preSolution
		HideSolutionNode = FALSE
	EndGlobalSection
	GlobalSection(ExtensibilityGlobals) = postSolution
		SolutionGuid = {9561A410-E1FD-4B8E-8ED3-3333E2CFC5E7}
	EndGlobalSection
EndGlobal
